// !$*UTF8*$!
{
	archiveVersion = 1;
	classes = {
	};
	objectVersion = 46;
	objects = {

/* Begin PBXBuildFile section */
		2439103318C80A8400547F6F /* PlayingCard.m in Sources */ = {isa = PBXBuildFile; fileRef = 2439103218C80A8400547F6F /* PlayingCard.m */; };
		2439103618C80D1500547F6F /* Deck.m in Sources */ = {isa = PBXBuildFile; fileRef = 2439103518C80D1500547F6F /* Deck.m */; };
		2449BE0418C73E16002E80D0 /* Card.m in Sources */ = {isa = PBXBuildFile; fileRef = 2449BE0318C73E16002E80D0 /* Card.m */; };
		2449BE0718C74A24002E80D0 /* CardTests.m in Sources */ = {isa = PBXBuildFile; fileRef = 2449BE0618C74A24002E80D0 /* CardTests.m */; };
		24678F9718CD0A3A00F9FEA2 /* CardGameViewController.m in Sources */ = {isa = PBXBuildFile; fileRef = 24D289F418C59A4F00640CE2 /* CardGameViewController.m */; };
		24A4953A18CA800F00FD7450 /* PlayingCardDeck.m in Sources */ = {isa = PBXBuildFile; fileRef = 24A4953918CA800F00FD7450 /* PlayingCardDeck.m */; };
		24A4953D18CA8B4200FD7450 /* CardMatchingGame.m in Sources */ = {isa = PBXBuildFile; fileRef = 24A4953C18CA8B4200FD7450 /* CardMatchingGame.m */; };
		24D289DF18C59A4F00640CE2 /* Foundation.framework in Frameworks */ = {isa = PBXBuildFile; fileRef = 24D289DE18C59A4F00640CE2 /* Foundation.framework */; };
		24D289E118C59A4F00640CE2 /* CoreGraphics.framework in Frameworks */ = {isa = PBXBuildFile; fileRef = 24D289E018C59A4F00640CE2 /* CoreGraphics.framework */; };
		24D289E318C59A4F00640CE2 /* UIKit.framework in Frameworks */ = {isa = PBXBuildFile; fileRef = 24D289E218C59A4F00640CE2 /* UIKit.framework */; };
		24D289E918C59A4F00640CE2 /* InfoPlist.strings in Resources */ = {isa = PBXBuildFile; fileRef = 24D289E718C59A4F00640CE2 /* InfoPlist.strings */; };
		24D289EB18C59A4F00640CE2 /* main.m in Sources */ = {isa = PBXBuildFile; fileRef = 24D289EA18C59A4F00640CE2 /* main.m */; };
		24D289EF18C59A4F00640CE2 /* CardGameAppDelegate.m in Sources */ = {isa = PBXBuildFile; fileRef = 24D289EE18C59A4F00640CE2 /* CardGameAppDelegate.m */; };
		24D289F218C59A4F00640CE2 /* Main.storyboard in Resources */ = {isa = PBXBuildFile; fileRef = 24D289F018C59A4F00640CE2 /* Main.storyboard */; };
		24D289F718C59A4F00640CE2 /* Images.xcassets in Resources */ = {isa = PBXBuildFile; fileRef = 24D289F618C59A4F00640CE2 /* Images.xcassets */; };
		24D289FE18C59A4F00640CE2 /* XCTest.framework in Frameworks */ = {isa = PBXBuildFile; fileRef = 24D289FD18C59A4F00640CE2 /* XCTest.framework */; };
		24D289FF18C59A4F00640CE2 /* Foundation.framework in Frameworks */ = {isa = PBXBuildFile; fileRef = 24D289DE18C59A4F00640CE2 /* Foundation.framework */; };
		24D28A0018C59A4F00640CE2 /* UIKit.framework in Frameworks */ = {isa = PBXBuildFile; fileRef = 24D289E218C59A4F00640CE2 /* UIKit.framework */; };
		24D28A0818C59A4F00640CE2 /* InfoPlist.strings in Resources */ = {isa = PBXBuildFile; fileRef = 24D28A0618C59A4F00640CE2 /* InfoPlist.strings */; };
		24EC9E2518C810A1007E0E6D /* DeckTests.m in Sources */ = {isa = PBXBuildFile; fileRef = 24EC9E2418C810A1007E0E6D /* DeckTests.m */; };
/* End PBXBuildFile section */

/* Begin PBXContainerItemProxy section */
		24D28A0118C59A4F00640CE2 /* PBXContainerItemProxy */ = {
			isa = PBXContainerItemProxy;
			containerPortal = 24D289D318C59A4F00640CE2 /* Project object */;
			proxyType = 1;
			remoteGlobalIDString = 24D289DA18C59A4F00640CE2;
			remoteInfo = Matchismo;
		};
/* End PBXContainerItemProxy section */

/* Begin PBXFileReference section */
		2439103118C80A8400547F6F /* PlayingCard.h */ = {isa = PBXFileReference; fileEncoding = 4; lastKnownFileType = sourcecode.c.h; name = PlayingCard.h; path = Models/PlayingCard.h; sourceTree = "<group>"; };
		2439103218C80A8400547F6F /* PlayingCard.m */ = {isa = PBXFileReference; fileEncoding = 4; lastKnownFileType = sourcecode.c.objc; name = PlayingCard.m; path = Models/PlayingCard.m; sourceTree = "<group>"; };
		2439103418C80D1500547F6F /* Deck.h */ = {isa = PBXFileReference; fileEncoding = 4; lastKnownFileType = sourcecode.c.h; name = Deck.h; path = Models/Deck.h; sourceTree = "<group>"; };
		2439103518C80D1500547F6F /* Deck.m */ = {isa = PBXFileReference; fileEncoding = 4; lastKnownFileType = sourcecode.c.objc; name = Deck.m; path = Models/Deck.m; sourceTree = "<group>"; };
		2449BE0218C73E16002E80D0 /* Card.h */ = {isa = PBXFileReference; fileEncoding = 4; lastKnownFileType = sourcecode.c.h; name = Card.h; path = Models/Card.h; sourceTree = "<group>"; };
		2449BE0318C73E16002E80D0 /* Card.m */ = {isa = PBXFileReference; fileEncoding = 4; lastKnownFileType = sourcecode.c.objc; name = Card.m; path = Models/Card.m; sourceTree = "<group>"; };
		2449BE0618C74A24002E80D0 /* CardTests.m */ = {isa = PBXFileReference; fileEncoding = 4; lastKnownFileType = sourcecode.c.objc; path = CardTests.m; sourceTree = "<group>"; };
		24A4953818CA800F00FD7450 /* PlayingCardDeck.h */ = {isa = PBXFileReference; fileEncoding = 4; lastKnownFileType = sourcecode.c.h; name = PlayingCardDeck.h; path = Models/PlayingCardDeck.h; sourceTree = "<group>"; };
		24A4953918CA800F00FD7450 /* PlayingCardDeck.m */ = {isa = PBXFileReference; fileEncoding = 4; lastKnownFileType = sourcecode.c.objc; name = PlayingCardDeck.m; path = Models/PlayingCardDeck.m; sourceTree = "<group>"; };
		24A4953B18CA8B4200FD7450 /* CardMatchingGame.h */ = {isa = PBXFileReference; fileEncoding = 4; lastKnownFileType = sourcecode.c.h; name = CardMatchingGame.h; path = Models/CardMatchingGame.h; sourceTree = "<group>"; };
		24A4953C18CA8B4200FD7450 /* CardMatchingGame.m */ = {isa = PBXFileReference; fileEncoding = 4; lastKnownFileType = sourcecode.c.objc; name = CardMatchingGame.m; path = Models/CardMatchingGame.m; sourceTree = "<group>"; };
		24D289DB18C59A4F00640CE2 /* Matchismo.app */ = {isa = PBXFileReference; explicitFileType = wrapper.application; includeInIndex = 0; path = Matchismo.app; sourceTree = BUILT_PRODUCTS_DIR; };
		24D289DE18C59A4F00640CE2 /* Foundation.framework */ = {isa = PBXFileReference; lastKnownFileType = wrapper.framework; name = Foundation.framework; path = System/Library/Frameworks/Foundation.framework; sourceTree = SDKROOT; };
		24D289E018C59A4F00640CE2 /* CoreGraphics.framework */ = {isa = PBXFileReference; lastKnownFileType = wrapper.framework; name = CoreGraphics.framework; path = System/Library/Frameworks/CoreGraphics.framework; sourceTree = SDKROOT; };
		24D289E218C59A4F00640CE2 /* UIKit.framework */ = {isa = PBXFileReference; lastKnownFileType = wrapper.framework; name = UIKit.framework; path = System/Library/Frameworks/UIKit.framework; sourceTree = SDKROOT; };
		24D289E618C59A4F00640CE2 /* Matchismo-Info.plist */ = {isa = PBXFileReference; lastKnownFileType = text.plist.xml; path = "Matchismo-Info.plist"; sourceTree = "<group>"; };
		24D289E818C59A4F00640CE2 /* en */ = {isa = PBXFileReference; lastKnownFileType = text.plist.strings; name = en; path = en.lproj/InfoPlist.strings; sourceTree = "<group>"; };
		24D289EA18C59A4F00640CE2 /* main.m */ = {isa = PBXFileReference; lastKnownFileType = sourcecode.c.objc; path = main.m; sourceTree = "<group>"; };
		24D289EC18C59A4F00640CE2 /* Matchismo-Prefix.pch */ = {isa = PBXFileReference; lastKnownFileType = sourcecode.c.h; path = "Matchismo-Prefix.pch"; sourceTree = "<group>"; };
		24D289ED18C59A4F00640CE2 /* CardGameAppDelegate.h */ = {isa = PBXFileReference; lastKnownFileType = sourcecode.c.h; path = CardGameAppDelegate.h; sourceTree = "<group>"; };
		24D289EE18C59A4F00640CE2 /* CardGameAppDelegate.m */ = {isa = PBXFileReference; lastKnownFileType = sourcecode.c.objc; path = CardGameAppDelegate.m; sourceTree = "<group>"; };
		24D289F118C59A4F00640CE2 /* Base */ = {isa = PBXFileReference; lastKnownFileType = file.storyboard; name = Base; path = Base.lproj/Main.storyboard; sourceTree = "<group>"; };
		24D289F318C59A4F00640CE2 /* CardGameViewController.h */ = {isa = PBXFileReference; lastKnownFileType = sourcecode.c.h; path = CardGameViewController.h; sourceTree = "<group>"; };
		24D289F418C59A4F00640CE2 /* CardGameViewController.m */ = {isa = PBXFileReference; lastKnownFileType = sourcecode.c.objc; path = CardGameViewController.m; sourceTree = "<group>"; };
		24D289F618C59A4F00640CE2 /* Images.xcassets */ = {isa = PBXFileReference; lastKnownFileType = folder.assetcatalog; path = Images.xcassets; sourceTree = "<group>"; };
		24D289FC18C59A4F00640CE2 /* MatchismoTests.xctest */ = {isa = PBXFileReference; explicitFileType = wrapper.cfbundle; includeInIndex = 0; path = MatchismoTests.xctest; sourceTree = BUILT_PRODUCTS_DIR; };
		24D289FD18C59A4F00640CE2 /* XCTest.framework */ = {isa = PBXFileReference; lastKnownFileType = wrapper.framework; name = XCTest.framework; path = Library/Frameworks/XCTest.framework; sourceTree = DEVELOPER_DIR; };
		24D28A0518C59A4F00640CE2 /* MatchismoTests-Info.plist */ = {isa = PBXFileReference; lastKnownFileType = text.plist.xml; path = "MatchismoTests-Info.plist"; sourceTree = "<group>"; };
		24D28A0718C59A4F00640CE2 /* en */ = {isa = PBXFileReference; lastKnownFileType = text.plist.strings; name = en; path = en.lproj/InfoPlist.strings; sourceTree = "<group>"; };
		24EC9E2418C810A1007E0E6D /* DeckTests.m */ = {isa = PBXFileReference; fileEncoding = 4; lastKnownFileType = sourcecode.c.objc; path = DeckTests.m; sourceTree = "<group>"; };
/* End PBXFileReference section */

/* Begin PBXFrameworksBuildPhase section */
		24D289D818C59A4F00640CE2 /* Frameworks */ = {
			isa = PBXFrameworksBuildPhase;
			buildActionMask = 2147483647;
			files = (
				24D289E118C59A4F00640CE2 /* CoreGraphics.framework in Frameworks */,
				24D289E318C59A4F00640CE2 /* UIKit.framework in Frameworks */,
				24D289DF18C59A4F00640CE2 /* Foundation.framework in Frameworks */,
			);
			runOnlyForDeploymentPostprocessing = 0;
		};
		24D289F918C59A4F00640CE2 /* Frameworks */ = {
			isa = PBXFrameworksBuildPhase;
			buildActionMask = 2147483647;
			files = (
				24D289FE18C59A4F00640CE2 /* XCTest.framework in Frameworks */,
				24D28A0018C59A4F00640CE2 /* UIKit.framework in Frameworks */,
				24D289FF18C59A4F00640CE2 /* Foundation.framework in Frameworks */,
			);
			runOnlyForDeploymentPostprocessing = 0;
		};
/* End PBXFrameworksBuildPhase section */

/* Begin PBXGroup section */
		2449BE0518C73E6F002E80D0 /* Models */ = {
			isa = PBXGroup;
			children = (
				2449BE0218C73E16002E80D0 /* Card.h */,
				2449BE0318C73E16002E80D0 /* Card.m */,
				2439103118C80A8400547F6F /* PlayingCard.h */,
				2439103218C80A8400547F6F /* PlayingCard.m */,
				2439103418C80D1500547F6F /* Deck.h */,
				2439103518C80D1500547F6F /* Deck.m */,
				24A4953818CA800F00FD7450 /* PlayingCardDeck.h */,
				24A4953918CA800F00FD7450 /* PlayingCardDeck.m */,
				24A4953B18CA8B4200FD7450 /* CardMatchingGame.h */,
				24A4953C18CA8B4200FD7450 /* CardMatchingGame.m */,
			);
			name = Models;
			path = ../../../../Users/DetroitLabsUser/developer/Matchismo/Matchismo;
			sourceTree = DEVELOPER_DIR;
		};
		24D289D218C59A4F00640CE2 = {
			isa = PBXGroup;
			children = (
				24D289E418C59A4F00640CE2 /* Matchismo */,
				24D28A0318C59A4F00640CE2 /* MatchismoTests */,
				24D289DD18C59A4F00640CE2 /* Frameworks */,
				24D289DC18C59A4F00640CE2 /* Products */,
			);
			sourceTree = "<group>";
		};
		24D289DC18C59A4F00640CE2 /* Products */ = {
			isa = PBXGroup;
			children = (
				24D289DB18C59A4F00640CE2 /* Matchismo.app */,
				24D289FC18C59A4F00640CE2 /* MatchismoTests.xctest */,
			);
			name = Products;
			sourceTree = "<group>";
		};
		24D289DD18C59A4F00640CE2 /* Frameworks */ = {
			isa = PBXGroup;
			children = (
				24D289DE18C59A4F00640CE2 /* Foundation.framework */,
				24D289E018C59A4F00640CE2 /* CoreGraphics.framework */,
				24D289E218C59A4F00640CE2 /* UIKit.framework */,
				24D289FD18C59A4F00640CE2 /* XCTest.framework */,
			);
			name = Frameworks;
			sourceTree = "<group>";
		};
		24D289E418C59A4F00640CE2 /* Matchismo */ = {
			isa = PBXGroup;
			children = (
				24D289ED18C59A4F00640CE2 /* CardGameAppDelegate.h */,
				24D289EE18C59A4F00640CE2 /* CardGameAppDelegate.m */,
				24D289F018C59A4F00640CE2 /* Main.storyboard */,
				24D289F318C59A4F00640CE2 /* CardGameViewController.h */,
				24D289F418C59A4F00640CE2 /* CardGameViewController.m */,
				24D289F618C59A4F00640CE2 /* Images.xcassets */,
				2449BE0518C73E6F002E80D0 /* Models */,
				24D289E518C59A4F00640CE2 /* Supporting Files */,
			);
			path = Matchismo;
			sourceTree = "<group>";
		};
		24D289E518C59A4F00640CE2 /* Supporting Files */ = {
			isa = PBXGroup;
			children = (
				24D289E618C59A4F00640CE2 /* Matchismo-Info.plist */,
				24D289E718C59A4F00640CE2 /* InfoPlist.strings */,
				24D289EA18C59A4F00640CE2 /* main.m */,
				24D289EC18C59A4F00640CE2 /* Matchismo-Prefix.pch */,
			);
			name = "Supporting Files";
			sourceTree = "<group>";
		};
		24D28A0318C59A4F00640CE2 /* MatchismoTests */ = {
			isa = PBXGroup;
			children = (
				2449BE0618C74A24002E80D0 /* CardTests.m */,
				24D28A0418C59A4F00640CE2 /* Supporting Files */,
				24EC9E2418C810A1007E0E6D /* DeckTests.m */,
			);
			path = MatchismoTests;
			sourceTree = "<group>";
		};
		24D28A0418C59A4F00640CE2 /* Supporting Files */ = {
			isa = PBXGroup;
			children = (
				24D28A0518C59A4F00640CE2 /* MatchismoTests-Info.plist */,
				24D28A0618C59A4F00640CE2 /* InfoPlist.strings */,
			);
			name = "Supporting Files";
			sourceTree = "<group>";
		};
/* End PBXGroup section */

/* Begin PBXNativeTarget section */
		24D289DA18C59A4F00640CE2 /* Matchismo */ = {
			isa = PBXNativeTarget;
			buildConfigurationList = 24D28A0D18C59A4F00640CE2 /* Build configuration list for PBXNativeTarget "Matchismo" */;
			buildPhases = (
				24D289D718C59A4F00640CE2 /* Sources */,
				24D289D818C59A4F00640CE2 /* Frameworks */,
				24D289D918C59A4F00640CE2 /* Resources */,
			);
			buildRules = (
			);
			dependencies = (
			);
			name = Matchismo;
			productName = Matchismo;
			productReference = 24D289DB18C59A4F00640CE2 /* Matchismo.app */;
			productType = "com.apple.product-type.application";
		};
		24D289FB18C59A4F00640CE2 /* MatchismoTests */ = {
			isa = PBXNativeTarget;
			buildConfigurationList = 24D28A1018C59A4F00640CE2 /* Build configuration list for PBXNativeTarget "MatchismoTests" */;
			buildPhases = (
				24D289F818C59A4F00640CE2 /* Sources */,
				24D289F918C59A4F00640CE2 /* Frameworks */,
				24D289FA18C59A4F00640CE2 /* Resources */,
			);
			buildRules = (
			);
			dependencies = (
				24D28A0218C59A4F00640CE2 /* PBXTargetDependency */,
			);
			name = MatchismoTests;
			productName = MatchismoTests;
			productReference = 24D289FC18C59A4F00640CE2 /* MatchismoTests.xctest */;
			productType = "com.apple.product-type.bundle.unit-test";
		};
/* End PBXNativeTarget section */

/* Begin PBXProject section */
		24D289D318C59A4F00640CE2 /* Project object */ = {
			isa = PBXProject;
			attributes = {
				CLASSPREFIX = CardGame;
				LastUpgradeCheck = 0500;
				ORGANIZATIONNAME = "Detroit Labs";
				TargetAttributes = {
					24D289FB18C59A4F00640CE2 = {
						TestTargetID = 24D289DA18C59A4F00640CE2;
					};
				};
			};
			buildConfigurationList = 24D289D618C59A4F00640CE2 /* Build configuration list for PBXProject "Matchismo" */;
			compatibilityVersion = "Xcode 3.2";
			developmentRegion = English;
			hasScannedForEncodings = 0;
			knownRegions = (
				en,
				Base,
			);
			mainGroup = 24D289D218C59A4F00640CE2;
			productRefGroup = 24D289DC18C59A4F00640CE2 /* Products */;
			projectDirPath = "";
			projectRoot = "";
			targets = (
				24D289DA18C59A4F00640CE2 /* Matchismo */,
				24D289FB18C59A4F00640CE2 /* MatchismoTests */,
			);
		};
/* End PBXProject section */

/* Begin PBXResourcesBuildPhase section */
		24D289D918C59A4F00640CE2 /* Resources */ = {
			isa = PBXResourcesBuildPhase;
			buildActionMask = 2147483647;
			files = (
				24D289F718C59A4F00640CE2 /* Images.xcassets in Resources */,
				24D289E918C59A4F00640CE2 /* InfoPlist.strings in Resources */,
				24D289F218C59A4F00640CE2 /* Main.storyboard in Resources */,
			);
			runOnlyForDeploymentPostprocessing = 0;
		};
		24D289FA18C59A4F00640CE2 /* Resources */ = {
			isa = PBXResourcesBuildPhase;
			buildActionMask = 2147483647;
			files = (
				24D28A0818C59A4F00640CE2 /* InfoPlist.strings in Resources */,
			);
			runOnlyForDeploymentPostprocessing = 0;
		};
/* End PBXResourcesBuildPhase section */

/* Begin PBXSourcesBuildPhase section */
		24D289D718C59A4F00640CE2 /* Sources */ = {
			isa = PBXSourcesBuildPhase;
			buildActionMask = 2147483647;
			files = (
				24D289EF18C59A4F00640CE2 /* CardGameAppDelegate.m in Sources */,
				24D289EB18C59A4F00640CE2 /* main.m in Sources */,
				2439103318C80A8400547F6F /* PlayingCard.m in Sources */,
				24A4953D18CA8B4200FD7450 /* CardMatchingGame.m in Sources */,
				24A4953A18CA800F00FD7450 /* PlayingCardDeck.m in Sources */,
				2439103618C80D1500547F6F /* Deck.m in Sources */,
				24678F9718CD0A3A00F9FEA2 /* CardGameViewController.m in Sources */,
				2449BE0418C73E16002E80D0 /* Card.m in Sources */,
			);
			runOnlyForDeploymentPostprocessing = 0;
		};
		24D289F818C59A4F00640CE2 /* Sources */ = {
			isa = PBXSourcesBuildPhase;
			buildActionMask = 2147483647;
			files = (
				24EC9E2518C810A1007E0E6D /* DeckTests.m in Sources */,
				2449BE0718C74A24002E80D0 /* CardTests.m in Sources */,
			);
			runOnlyForDeploymentPostprocessing = 0;
		};
/* End PBXSourcesBuildPhase section */

/* Begin PBXTargetDependency section */
		24D28A0218C59A4F00640CE2 /* PBXTargetDependency */ = {
			isa = PBXTargetDependency;
			target = 24D289DA18C59A4F00640CE2 /* Matchismo */;
			targetProxy = 24D28A0118C59A4F00640CE2 /* PBXContainerItemProxy */;
		};
/* End PBXTargetDependency section */

/* Begin PBXVariantGroup section */
		24D289E718C59A4F00640CE2 /* InfoPlist.strings */ = {
			isa = PBXVariantGroup;
			children = (
				24D289E818C59A4F00640CE2 /* en */,
			);
			name = InfoPlist.strings;
			sourceTree = "<group>";
		};
		24D289F018C59A4F00640CE2 /* Main.storyboard */ = {
			isa = PBXVariantGroup;
			children = (
				24D289F118C59A4F00640CE2 /* Base */,
			);
			name = Main.storyboard;
			sourceTree = "<group>";
		};
		24D28A0618C59A4F00640CE2 /* InfoPlist.strings */ = {
			isa = PBXVariantGroup;
			children = (
				24D28A0718C59A4F00640CE2 /* en */,
			);
			name = InfoPlist.strings;
			sourceTree = "<group>";
		};
/* End PBXVariantGroup section */

/* Begin XCBuildConfiguration section */
		24D28A0B18C59A4F00640CE2 /* Debug */ = {
			isa = XCBuildConfiguration;
			buildSettings = {
				ALWAYS_SEARCH_USER_PATHS = NO;
				ARCHS = "$(ARCHS_STANDARD_INCLUDING_64_BIT)";
				CLANG_CXX_LANGUAGE_STANDARD = "gnu++0x";
				CLANG_CXX_LIBRARY = "libc++";
				CLANG_ENABLE_MODULES = YES;
				CLANG_ENABLE_OBJC_ARC = YES;
				CLANG_WARN_BOOL_CONVERSION = YES;
				CLANG_WARN_CONSTANT_CONVERSION = YES;
				CLANG_WARN_DIRECT_OBJC_ISA_USAGE = YES_ERROR;
				CLANG_WARN_EMPTY_BODY = YES;
				CLANG_WARN_ENUM_CONVERSION = YES;
				CLANG_WARN_INT_CONVERSION = YES;
				CLANG_WARN_OBJC_ROOT_CLASS = YES_ERROR;
				CLANG_WARN__DUPLICATE_METHOD_MATCH = YES;
				"CODE_SIGN_IDENTITY[sdk=iphoneos*]" = "iPhone Developer";
				COPY_PHASE_STRIP = NO;
				GCC_C_LANGUAGE_STANDARD = gnu99;
				GCC_DYNAMIC_NO_PIC = NO;
				GCC_OPTIMIZATION_LEVEL = 0;
				GCC_PREPROCESSOR_DEFINITIONS = (
					"DEBUG=1",
					"$(inherited)",
				);
				GCC_SYMBOLS_PRIVATE_EXTERN = NO;
				GCC_WARN_64_TO_32_BIT_CONVERSION = YES;
				GCC_WARN_ABOUT_RETURN_TYPE = YES_ERROR;
				GCC_WARN_UNDECLARED_SELECTOR = YES;
				GCC_WARN_UNINITIALIZED_AUTOS = YES;
				GCC_WARN_UNUSED_FUNCTION = YES;
				GCC_WARN_UNUSED_VARIABLE = YES;
				IPHONEOS_DEPLOYMENT_TARGET = 7.0;
				ONLY_ACTIVE_ARCH = YES;
				SDKROOT = iphoneos;
			};
			name = Debug;
		};
		24D28A0C18C59A4F00640CE2 /* Release */ = {
			isa = XCBuildConfiguration;
			buildSettings = {
				ALWAYS_SEARCH_USER_PATHS = NO;
				ARCHS = "$(ARCHS_STANDARD_INCLUDING_64_BIT)";
				CLANG_CXX_LANGUAGE_STANDARD = "gnu++0x";
				CLANG_CXX_LIBRARY = "libc++";
				CLANG_ENABLE_MODULES = YES;
				CLANG_ENABLE_OBJC_ARC = YES;
				CLANG_WARN_BOOL_CONVERSION = YES;
				CLANG_WARN_CONSTANT_CONVERSION = YES;
				CLANG_WARN_DIRECT_OBJC_ISA_USAGE = YES_ERROR;
				CLANG_WARN_EMPTY_BODY = YES;
				CLANG_WARN_ENUM_CONVERSION = YES;
				CLANG_WARN_INT_CONVERSION = YES;
				CLANG_WARN_OBJC_ROOT_CLASS = YES_ERROR;
				CLANG_WARN__DUPLICATE_METHOD_MATCH = YES;
				"CODE_SIGN_IDENTITY[sdk=iphoneos*]" = "iPhone Developer";
				COPY_PHASE_STRIP = YES;
				ENABLE_NS_ASSERTIONS = NO;
				GCC_C_LANGUAGE_STANDARD = gnu99;
				GCC_WARN_64_TO_32_BIT_CONVERSION = YES;
				GCC_WARN_ABOUT_RETURN_TYPE = YES_ERROR;
				GCC_WARN_UNDECLARED_SELECTOR = YES;
				GCC_WARN_UNINITIALIZED_AUTOS = YES;
				GCC_WARN_UNUSED_FUNCTION = YES;
				GCC_WARN_UNUSED_VARIABLE = YES;
				IPHONEOS_DEPLOYMENT_TARGET = 7.0;
				SDKROOT = iphoneos;
				VALIDATE_PRODUCT = YES;
			};
			name = Release;
		};
		24D28A0E18C59A4F00640CE2 /* Debug */ = {
			isa = XCBuildConfiguration;
			buildSettings = {
				ASSETCATALOG_COMPILER_APPICON_NAME = AppIcon;
				ASSETCATALOG_COMPILER_LAUNCHIMAGE_NAME = LaunchImage;
				GCC_PRECOMPILE_PREFIX_HEADER = YES;
				GCC_PREFIX_HEADER = "Matchismo/Matchismo-Prefix.pch";
				INFOPLIST_FILE = "Matchismo/Matchismo-Info.plist";
				PRODUCT_NAME = "$(TARGET_NAME)";
				WRAPPER_EXTENSION = app;
			};
			name = Debug;
		};
		24D28A0F18C59A4F00640CE2 /* Release */ = {
			isa = XCBuildConfiguration;
			buildSettings = {
				ASSETCATALOG_COMPILER_APPICON_NAME = AppIcon;
				ASSETCATALOG_COMPILER_LAUNCHIMAGE_NAME = LaunchImage;
				GCC_PRECOMPILE_PREFIX_HEADER = YES;
				GCC_PREFIX_HEADER = "Matchismo/Matchismo-Prefix.pch";
				INFOPLIST_FILE = "Matchismo/Matchismo-Info.plist";
				PRODUCT_NAME = "$(TARGET_NAME)";
				WRAPPER_EXTENSION = app;
			};
			name = Release;
		};
		24D28A1118C59A4F00640CE2 /* Debug */ = {
			isa = XCBuildConfiguration;
			buildSettings = {
				ARCHS = "$(ARCHS_STANDARD_INCLUDING_64_BIT)";
				BUNDLE_LOADER = "$(BUILT_PRODUCTS_DIR)/Matchismo.app/Matchismo";
				FRAMEWORK_SEARCH_PATHS = (
					"$(SDKROOT)/Developer/Library/Frameworks",
					"$(inherited)",
					"$(DEVELOPER_FRAMEWORKS_DIR)",
				);
				GCC_PRECOMPILE_PREFIX_HEADER = YES;
				GCC_PREFIX_HEADER = "Matchismo/Matchismo-Prefix.pch";
				GCC_PREPROCESSOR_DEFINITIONS = (
					"DEBUG=1",
					"$(inherited)",
				);
				INFOPLIST_FILE = "MatchismoTests/MatchismoTests-Info.plist";
				PRODUCT_NAME = "$(TARGET_NAME)";
				TEST_HOST = "$(BUNDLE_LOADER)";
				WRAPPER_EXTENSION = xctest;
			};
			name = Debug;
		};
		24D28A1218C59A4F00640CE2 /* Release */ = {
			isa = XCBuildConfiguration;
			buildSettings = {
				ARCHS = "$(ARCHS_STANDARD_INCLUDING_64_BIT)";
				BUNDLE_LOADER = "$(BUILT_PRODUCTS_DIR)/Matchismo.app/Matchismo";
				FRAMEWORK_SEARCH_PATHS = (
					"$(SDKROOT)/Developer/Library/Frameworks",
					"$(inherited)",
					"$(DEVELOPER_FRAMEWORKS_DIR)",
				);
				GCC_PRECOMPILE_PREFIX_HEADER = YES;
				GCC_PREFIX_HEADER = "Matchismo/Matchismo-Prefix.pch";
				INFOPLIST_FILE = "MatchismoTests/MatchismoTests-Info.plist";
				PRODUCT_NAME = "$(TARGET_NAME)";
				TEST_HOST = "$(BUNDLE_LOADER)";
				WRAPPER_EXTENSION = xctest;
			};
			name = Release;
		};
/* End XCBuildConfiguration section */

/* Begin XCConfigurationList section */
		24D289D618C59A4F00640CE2 /* Build configuration list for PBXProject "Matchismo" */ = {
			isa = XCConfigurationList;
			buildConfigurations = (
				24D28A0B18C59A4F00640CE2 /* Debug */,
				24D28A0C18C59A4F00640CE2 /* Release */,
			);
			defaultConfigurationIsVisible = 0;
			defaultConfigurationName = Release;
		};
		24D28A0D18C59A4F00640CE2 /* Build configuration list for PBXNativeTarget "Matchismo" */ = {
			isa = XCConfigurationList;
			buildConfigurations = (
				24D28A0E18C59A4F00640CE2 /* Debug */,
				24D28A0F18C59A4F00640CE2 /* Release */,
			);
			defaultConfigurationIsVisible = 0;
			defaultConfigurationName = Release;
		};
		24D28A1018C59A4F00640CE2 /* Build configuration list for PBXNativeTarget "MatchismoTests" */ = {
			isa = XCConfigurationList;
			buildConfigurations = (
				24D28A1118C59A4F00640CE2 /* Debug */,
				24D28A1218C59A4F00640CE2 /* Release */,
			);
			defaultConfigurationIsVisible = 0;
			defaultConfigurationName = Release;
		};
/* End XCConfigurationList section */
	};
	rootObject = 24D289D318C59A4F00640CE2 /* Project object */;
}
